{
  "name": "music_eq",
  "version": "1.0.0",
  "lockfileVersion": 3,
  "requires": true,
  "packages": {
    "": {
      "name": "music_eq",
      "version": "1.0.0",
      "license": "ISC",
      "dependencies": {
        "pure-knob": "github:andrepxx/pure-knob"
      }
    },
    "node_modules/pure-knob": {
      "version": "1.0.0",
      "resolved": "git+ssh://git@github.com/andrepxx/pure-knob.git#6343e1963e3fe3d90961819b837213c128715199",
      "license": "Apache 2.0"
    }
  }
}
